
Microsoft Visual Studio Solution File, Format Version 12.00
# Visual Studio Version 17
VisualStudioVersion = 17.1.32210.238
MinimumVisualStudioVersion = 10.0.40219.1
Project("{9A19103F-16F7-4668-BE54-9A1E7A4F7556}") = "Ecommerse.Server", "Ecommerse\Server\Ecommerse.Server.csproj", "{BA1C4C56-59F1-4B98-B664-0EE4BF330E60}"
EndProject
Project("{9A19103F-16F7-4668-BE54-9A1E7A4F7556}") = "Ecommerse.Client", "Ecommerse\Client\Ecommerse.Client.csproj", "{362B73E3-34C7-4EC8-98A5-3DBB9D2CAE29}"
EndProject
Project("{9A19103F-16F7-4668-BE54-9A1E7A4F7556}") = "Ecommerse.Shared", "Ecommerse\Shared\Ecommerse.Shared.csproj", "{905D131B-D339-482C-B6E0-65381980503B}"
EndProject
Global
	GlobalSection(SolutionConfigurationPlatforms) = preSolution
		Debug|Any CPU = Debug|Any CPU
		Release|Any CPU = Release|Any CPU
	EndGlobalSection
	GlobalSection(ProjectConfigurationPlatforms) = postSolution
		{BA1C4C56-59F1-4B98-B664-0EE4BF330E60}.Debug|Any CPU.ActiveCfg = Debug|Any CPU
		{BA1C4C56-59F1-4B98-B664-0EE4BF330E60}.Debug|Any CPU.Build.0 = Debug|Any CPU
		{BA1C4C56-59F1-4B98-B664-0EE4BF330E60}.Release|Any CPU.ActiveCfg = Release|Any CPU
		{BA1C4C56-59F1-4B98-B664-0EE4BF330E60}.Release|Any CPU.Build.0 = Release|Any CPU
		{362B73E3-34C7-4EC8-98A5-3DBB9D2CAE29}.Debug|Any CPU.ActiveCfg = Debug|Any CPU
		{362B73E3-34C7-4EC8-98A5-3DBB9D2CAE29}.Debug|Any CPU.Build.0 = Debug|Any CPU
		{362B73E3-34C7-4EC8-98A5-3DBB9D2CAE29}.Release|Any CPU.ActiveCfg = Release|Any CPU
		{362B73E3-34C7-4EC8-98A5-3DBB9D2CAE29}.Release|Any CPU.Build.0 = Release|Any CPU
		{905D131B-D339-482C-B6E0-65381980503B}.Debug|Any CPU.ActiveCfg = Debug|Any CPU
		{905D131B-D339-482C-B6E0-65381980503B}.Debug|Any CPU.Build.0 = Debug|Any CPU
		{905D131B-D339-482C-B6E0-65381980503B}.Release|Any CPU.ActiveCfg = Release|Any CPU
		{905D131B-D339-482C-B6E0-65381980503B}.Release|Any CPU.Build.0 = Release|Any CPU
	EndGlobalSection
	GlobalSection(SolutionProperties) = preSolution
		HideSolutionNode = FALSE
	EndGlobalSection
	GlobalSection(ExtensibilityGlobals) = postSolution
		SolutionGuid = {523655B2-7577-45EC-B5D0-F712A103C199}
	EndGlobalSection
EndGlobal
